
Microsoft Visual Studio Solution File, Format Version 12.00
Project("{FAE04EC0-301F-11D3-BF4B-00C04F79EFBC}") = "Pool.UI", "Pool.UI\Pool.UI.csproj", "{AE7F8528-8818-4AB9-AC6B-38AEA7FF1A42}"
EndProject
Project("{FAE04EC0-301F-11D3-BF4B-00C04F79EFBC}") = "Pool.API", "Pool.API\Pool.API.csproj", "{127E4A52-C8F0-4238-9017-08E91D5B8643}"
EndProject
Project("{FAE04EC0-301F-11D3-BF4B-00C04F79EFBC}") = "Pool.Shared", "Pool.Shared\Pool.Shared.csproj", "{E145F436-3831-494E-A6E2-57D260D5122A}"
EndProject
Project("{FAE04EC0-301F-11D3-BF4B-00C04F79EFBC}") = "Pool.Client", "Pool.Client\Pool.Client.csproj", "{5B7BD065-D6AD-4B4C-9E14-6E7233070416}"
EndProject
Global
	GlobalSection(SolutionConfigurationPlatforms) = preSolution
		Debug|Any CPU = Debug|Any CPU
		Release|Any CPU = Release|Any CPU
	EndGlobalSection
	GlobalSection(ProjectConfigurationPlatforms) = postSolution
		{AE7F8528-8818-4AB9-AC6B-38AEA7FF1A42}.Debug|Any CPU.ActiveCfg = Debug|Any CPU
		{AE7F8528-8818-4AB9-AC6B-38AEA7FF1A42}.Debug|Any CPU.Build.0 = Debug|Any CPU
		{AE7F8528-8818-4AB9-AC6B-38AEA7FF1A42}.Release|Any CPU.ActiveCfg = Release|Any CPU
		{AE7F8528-8818-4AB9-AC6B-38AEA7FF1A42}.Release|Any CPU.Build.0 = Release|Any CPU
		{127E4A52-C8F0-4238-9017-08E91D5B8643}.Debug|Any CPU.ActiveCfg = Debug|Any CPU
		{127E4A52-C8F0-4238-9017-08E91D5B8643}.Debug|Any CPU.Build.0 = Debug|Any CPU
		{127E4A52-C8F0-4238-9017-08E91D5B8643}.Release|Any CPU.ActiveCfg = Release|Any CPU
		{127E4A52-C8F0-4238-9017-08E91D5B8643}.Release|Any CPU.Build.0 = Release|Any CPU
		{E145F436-3831-494E-A6E2-57D260D5122A}.Debug|Any CPU.ActiveCfg = Debug|Any CPU
		{E145F436-3831-494E-A6E2-57D260D5122A}.Debug|Any CPU.Build.0 = Debug|Any CPU
		{E145F436-3831-494E-A6E2-57D260D5122A}.Release|Any CPU.ActiveCfg = Release|Any CPU
		{E145F436-3831-494E-A6E2-57D260D5122A}.Release|Any CPU.Build.0 = Release|Any CPU
		{5B7BD065-D6AD-4B4C-9E14-6E7233070416}.Debug|Any CPU.ActiveCfg = Debug|Any CPU
		{5B7BD065-D6AD-4B4C-9E14-6E7233070416}.Debug|Any CPU.Build.0 = Debug|Any CPU
		{5B7BD065-D6AD-4B4C-9E14-6E7233070416}.Release|Any CPU.ActiveCfg = Release|Any CPU
		{5B7BD065-D6AD-4B4C-9E14-6E7233070416}.Release|Any CPU.Build.0 = Release|Any CPU
	EndGlobalSection
EndGlobal
